
Microsoft Visual Studio Solution File, Format Version 12.00
# Visual Studio Version 17
VisualStudioVersion = 17.14.36518.9 d17.14
MinimumVisualStudioVersion = 10.0.40219.1
Project("{FAE04EC0-301F-11D3-BF4B-00C04F79EFBC}") = "Valikkopeli", "Valikkopeli.csproj", "{12105D7E-277C-483C-94EF-F7E5FAABFB6F}"
EndProject
Project("{FAE04EC0-301F-11D3-BF4B-00C04F79EFBC}") = "RayGuiCreator", "..\..\RayGUI\RayGuiCreator\RayGuiCreator\RayGuiCreator.csproj", "{A3288628-C3F7-40C6-EE12-9A42EFAB81DD}"
EndProject
Global
	GlobalSection(SolutionConfigurationPlatforms) = preSolution
		Debug|Any CPU = Debug|Any CPU
		Release|Any CPU = Release|Any CPU
	EndGlobalSection
	GlobalSection(ProjectConfigurationPlatforms) = postSolution
		{12105D7E-277C-483C-94EF-F7E5FAABFB6F}.Debug|Any CPU.ActiveCfg = Debug|Any CPU
		{12105D7E-277C-483C-94EF-F7E5FAABFB6F}.Debug|Any CPU.Build.0 = Debug|Any CPU
		{12105D7E-277C-483C-94EF-F7E5FAABFB6F}.Release|Any CPU.ActiveCfg = Release|Any CPU
		{12105D7E-277C-483C-94EF-F7E5FAABFB6F}.Release|Any CPU.Build.0 = Release|Any CPU
		{A3288628-C3F7-40C6-EE12-9A42EFAB81DD}.Debug|Any CPU.ActiveCfg = Debug|Any CPU
		{A3288628-C3F7-40C6-EE12-9A42EFAB81DD}.Debug|Any CPU.Build.0 = Debug|Any CPU
		{A3288628-C3F7-40C6-EE12-9A42EFAB81DD}.Release|Any CPU.ActiveCfg = Release|Any CPU
		{A3288628-C3F7-40C6-EE12-9A42EFAB81DD}.Release|Any CPU.Build.0 = Release|Any CPU
	EndGlobalSection
	GlobalSection(SolutionProperties) = preSolution
		HideSolutionNode = FALSE
	EndGlobalSection
	GlobalSection(ExtensibilityGlobals) = postSolution
		SolutionGuid = {70AFF5E7-00C7-4969-92A1-821157887ECF}
	EndGlobalSection
EndGlobal
