
Microsoft Visual Studio Solution File, Format Version 12.00
# Visual Studio Version 17
VisualStudioVersion = 17.8.34408.163
MinimumVisualStudioVersion = 10.0.40219.1
Project("{FAE04EC0-301F-11D3-BF4B-00C04F79EFBC}") = "Ovitehrävä", "Ovitehrävä.csproj", "{78FA7DB2-99AB-4A00-A6B2-EB85CA16D748}"
EndProject
Global
	GlobalSection(SolutionConfigurationPlatforms) = preSolution
		Debug|Any CPU = Debug|Any CPU
		Release|Any CPU = Release|Any CPU
	EndGlobalSection
	GlobalSection(ProjectConfigurationPlatforms) = postSolution
		{78FA7DB2-99AB-4A00-A6B2-EB85CA16D748}.Debug|Any CPU.ActiveCfg = Debug|Any CPU
		{78FA7DB2-99AB-4A00-A6B2-EB85CA16D748}.Debug|Any CPU.Build.0 = Debug|Any CPU
		{78FA7DB2-99AB-4A00-A6B2-EB85CA16D748}.Release|Any CPU.ActiveCfg = Release|Any CPU
		{78FA7DB2-99AB-4A00-A6B2-EB85CA16D748}.Release|Any CPU.Build.0 = Release|Any CPU
	EndGlobalSection
	GlobalSection(SolutionProperties) = preSolution
		HideSolutionNode = FALSE
	EndGlobalSection
	GlobalSection(ExtensibilityGlobals) = postSolution
		SolutionGuid = {51F48B7F-C85D-4607-8E4A-F28B965C920B}
	EndGlobalSection
EndGlobal
