
Microsoft Visual Studio Solution File, Format Version 12.00
# Visual Studio Version 17
VisualStudioVersion = 17.14.36518.9 d17.14
MinimumVisualStudioVersion = 10.0.40219.1
Project("{FAE04EC0-301F-11D3-BF4B-00C04F79EFBC}") = "Hunglib", "Hunglib.csproj", "{9285A951-C9FA-4BDB-B8D4-B3CC34A37065}"
EndProject
Global
	GlobalSection(SolutionConfigurationPlatforms) = preSolution
		Debug|Any CPU = Debug|Any CPU
		Release|Any CPU = Release|Any CPU
	EndGlobalSection
	GlobalSection(ProjectConfigurationPlatforms) = postSolution
		{9285A951-C9FA-4BDB-B8D4-B3CC34A37065}.Debug|Any CPU.ActiveCfg = Debug|Any CPU
		{9285A951-C9FA-4BDB-B8D4-B3CC34A37065}.Debug|Any CPU.Build.0 = Debug|Any CPU
		{9285A951-C9FA-4BDB-B8D4-B3CC34A37065}.Release|Any CPU.ActiveCfg = Release|Any CPU
		{9285A951-C9FA-4BDB-B8D4-B3CC34A37065}.Release|Any CPU.Build.0 = Release|Any CPU
	EndGlobalSection
	GlobalSection(SolutionProperties) = preSolution
		HideSolutionNode = FALSE
	EndGlobalSection
	GlobalSection(ExtensibilityGlobals) = postSolution
		SolutionGuid = {F38860D2-2942-4A15-9C12-AF8EB6687161}
	EndGlobalSection
EndGlobal
