
Microsoft Visual Studio Solution File, Format Version 12.00
# Visual Studio Version 17
VisualStudioVersion = 17.8.34408.163
MinimumVisualStudioVersion = 10.0.40219.1
Project("{FAE04EC0-301F-11D3-BF4B-00C04F79EFBC}") = "Värit", "Värit.csproj", "{630F9D1F-E91B-438B-8253-BDDB3233525F}"
EndProject
Global
	GlobalSection(SolutionConfigurationPlatforms) = preSolution
		Debug|Any CPU = Debug|Any CPU
		Release|Any CPU = Release|Any CPU
	EndGlobalSection
	GlobalSection(ProjectConfigurationPlatforms) = postSolution
		{630F9D1F-E91B-438B-8253-BDDB3233525F}.Debug|Any CPU.ActiveCfg = Debug|Any CPU
		{630F9D1F-E91B-438B-8253-BDDB3233525F}.Debug|Any CPU.Build.0 = Debug|Any CPU
		{630F9D1F-E91B-438B-8253-BDDB3233525F}.Release|Any CPU.ActiveCfg = Release|Any CPU
		{630F9D1F-E91B-438B-8253-BDDB3233525F}.Release|Any CPU.Build.0 = Release|Any CPU
	EndGlobalSection
	GlobalSection(SolutionProperties) = preSolution
		HideSolutionNode = FALSE
	EndGlobalSection
	GlobalSection(ExtensibilityGlobals) = postSolution
		SolutionGuid = {572A51B1-0EC0-4EB9-AA57-2FFD38310EF5}
	EndGlobalSection
EndGlobal
